
Microsoft Visual Studio Solution File, Format Version 12.00
# Visual Studio Version 16
VisualStudioVersion = 16.0.29215.179
MinimumVisualStudioVersion = 10.0.40219.1
Project("{8BC9CEB8-8B4A-11D0-8D11-00A0C91BC942}") = "MainTask", "MainTask\MainTask.vcxproj", "{4BF3BA04-E862-4BBC-93B5-F38B1587FB42}"
EndProject
Project("{8BC9CEB8-8B4A-11D0-8D11-00A0C91BC942}") = "test01Project", "test01Project\test01Project.vcxproj", "{E55D5AE6-D13D-4A34-9093-F2901EE2FD36}"
EndProject
Project("{8BC9CEB8-8B4A-11D0-8D11-00A0C91BC942}") = "IntegerProject", "IntegerProject\IntegerProject.vcxproj", "{B014B105-4515-459E-80AC-3425F4F427AD}"
EndProject
Project("{8BC9CEB8-8B4A-11D0-8D11-00A0C91BC942}") = "ADSProject", "ADSProject\ADSProject.vcxproj", "{F31E53B9-D179-4958-B097-E234F72D646F}"
EndProject
Project("{8BC9CEB8-8B4A-11D0-8D11-00A0C91BC942}") = "PointProject", "PointProject\PointProject.vcxproj", "{39413528-B32E-42D0-BCAA-9E95AAAFEE28}"
EndProject
Project("{8BC9CEB8-8B4A-11D0-8D11-00A0C91BC942}") = "AnimalProject", "AnimalProject\AnimalProject.vcxproj", "{FBBBF596-84D3-46C6-AD69-B6ED7F9ECB06}"
EndProject
Global
	GlobalSection(SolutionConfigurationPlatforms) = preSolution
		Debug|x64 = Debug|x64
		Debug|x86 = Debug|x86
		Release|x64 = Release|x64
		Release|x86 = Release|x86
	EndGlobalSection
	GlobalSection(ProjectConfigurationPlatforms) = postSolution
		{4BF3BA04-E862-4BBC-93B5-F38B1587FB42}.Debug|x64.ActiveCfg = Debug|x64
		{4BF3BA04-E862-4BBC-93B5-F38B1587FB42}.Debug|x64.Build.0 = Debug|x64
		{4BF3BA04-E862-4BBC-93B5-F38B1587FB42}.Debug|x86.ActiveCfg = Debug|Win32
		{4BF3BA04-E862-4BBC-93B5-F38B1587FB42}.Debug|x86.Build.0 = Debug|Win32
		{4BF3BA04-E862-4BBC-93B5-F38B1587FB42}.Release|x64.ActiveCfg = Release|x64
		{4BF3BA04-E862-4BBC-93B5-F38B1587FB42}.Release|x64.Build.0 = Release|x64
		{4BF3BA04-E862-4BBC-93B5-F38B1587FB42}.Release|x86.ActiveCfg = Release|Win32
		{4BF3BA04-E862-4BBC-93B5-F38B1587FB42}.Release|x86.Build.0 = Release|Win32
		{E55D5AE6-D13D-4A34-9093-F2901EE2FD36}.Debug|x64.ActiveCfg = Debug|x64
		{E55D5AE6-D13D-4A34-9093-F2901EE2FD36}.Debug|x64.Build.0 = Debug|x64
		{E55D5AE6-D13D-4A34-9093-F2901EE2FD36}.Debug|x86.ActiveCfg = Debug|Win32
		{E55D5AE6-D13D-4A34-9093-F2901EE2FD36}.Debug|x86.Build.0 = Debug|Win32
		{E55D5AE6-D13D-4A34-9093-F2901EE2FD36}.Release|x64.ActiveCfg = Release|x64
		{E55D5AE6-D13D-4A34-9093-F2901EE2FD36}.Release|x64.Build.0 = Release|x64
		{E55D5AE6-D13D-4A34-9093-F2901EE2FD36}.Release|x86.ActiveCfg = Release|Win32
		{E55D5AE6-D13D-4A34-9093-F2901EE2FD36}.Release|x86.Build.0 = Release|Win32
		{B014B105-4515-459E-80AC-3425F4F427AD}.Debug|x64.ActiveCfg = Debug|x64
		{B014B105-4515-459E-80AC-3425F4F427AD}.Debug|x64.Build.0 = Debug|x64
		{B014B105-4515-459E-80AC-3425F4F427AD}.Debug|x86.ActiveCfg = Debug|Win32
		{B014B105-4515-459E-80AC-3425F4F427AD}.Debug|x86.Build.0 = Debug|Win32
		{B014B105-4515-459E-80AC-3425F4F427AD}.Release|x64.ActiveCfg = Release|x64
		{B014B105-4515-459E-80AC-3425F4F427AD}.Release|x64.Build.0 = Release|x64
		{B014B105-4515-459E-80AC-3425F4F427AD}.Release|x86.ActiveCfg = Release|Win32
		{B014B105-4515-459E-80AC-3425F4F427AD}.Release|x86.Build.0 = Release|Win32
		{F31E53B9-D179-4958-B097-E234F72D646F}.Debug|x64.ActiveCfg = Debug|x64
		{F31E53B9-D179-4958-B097-E234F72D646F}.Debug|x64.Build.0 = Debug|x64
		{F31E53B9-D179-4958-B097-E234F72D646F}.Debug|x86.ActiveCfg = Debug|Win32
		{F31E53B9-D179-4958-B097-E234F72D646F}.Debug|x86.Build.0 = Debug|Win32
		{F31E53B9-D179-4958-B097-E234F72D646F}.Release|x64.ActiveCfg = Release|x64
		{F31E53B9-D179-4958-B097-E234F72D646F}.Release|x64.Build.0 = Release|x64
		{F31E53B9-D179-4958-B097-E234F72D646F}.Release|x86.ActiveCfg = Release|Win32
		{F31E53B9-D179-4958-B097-E234F72D646F}.Release|x86.Build.0 = Release|Win32
		{39413528-B32E-42D0-BCAA-9E95AAAFEE28}.Debug|x64.ActiveCfg = Debug|x64
		{39413528-B32E-42D0-BCAA-9E95AAAFEE28}.Debug|x64.Build.0 = Debug|x64
		{39413528-B32E-42D0-BCAA-9E95AAAFEE28}.Debug|x86.ActiveCfg = Debug|Win32
		{39413528-B32E-42D0-BCAA-9E95AAAFEE28}.Debug|x86.Build.0 = Debug|Win32
		{39413528-B32E-42D0-BCAA-9E95AAAFEE28}.Release|x64.ActiveCfg = Release|x64
		{39413528-B32E-42D0-BCAA-9E95AAAFEE28}.Release|x64.Build.0 = Release|x64
		{39413528-B32E-42D0-BCAA-9E95AAAFEE28}.Release|x86.ActiveCfg = Release|Win32
		{39413528-B32E-42D0-BCAA-9E95AAAFEE28}.Release|x86.Build.0 = Release|Win32
		{FBBBF596-84D3-46C6-AD69-B6ED7F9ECB06}.Debug|x64.ActiveCfg = Debug|x64
		{FBBBF596-84D3-46C6-AD69-B6ED7F9ECB06}.Debug|x64.Build.0 = Debug|x64
		{FBBBF596-84D3-46C6-AD69-B6ED7F9ECB06}.Debug|x86.ActiveCfg = Debug|Win32
		{FBBBF596-84D3-46C6-AD69-B6ED7F9ECB06}.Debug|x86.Build.0 = Debug|Win32
		{FBBBF596-84D3-46C6-AD69-B6ED7F9ECB06}.Release|x64.ActiveCfg = Release|x64
		{FBBBF596-84D3-46C6-AD69-B6ED7F9ECB06}.Release|x64.Build.0 = Release|x64
		{FBBBF596-84D3-46C6-AD69-B6ED7F9ECB06}.Release|x86.ActiveCfg = Release|Win32
		{FBBBF596-84D3-46C6-AD69-B6ED7F9ECB06}.Release|x86.Build.0 = Release|Win32
	EndGlobalSection
	GlobalSection(SolutionProperties) = preSolution
		HideSolutionNode = FALSE
	EndGlobalSection
	GlobalSection(ExtensibilityGlobals) = postSolution
		SolutionGuid = {D7A460B4-7723-419A-9F49-8F476C0FCFCD}
	EndGlobalSection
EndGlobal
